// !$*UTF8*$!
{
	archiveVersion = 1;
	classes = {
	};
	objectVersion = 48;
	objects = {

/* Begin PBXBuildFile section */
		2100F8FD2086092000CD7EFD /* DrivemapVC.swift in Sources */ = {isa = PBXBuildFile; fileRef = 2100F8FC2086092000CD7EFD /* DrivemapVC.swift */; };
		213FDD05208716B300D3A676 /* Segoe UI.ttf in Resources */ = {isa = PBXBuildFile; fileRef = 213FDD022087169200D3A676 /* Segoe UI.ttf */; };
		213FDD06208716B300D3A676 /* segoe_ui_bold_italic.ttf in Resources */ = {isa = PBXBuildFile; fileRef = 213FDD032087169500D3A676 /* segoe_ui_bold_italic.ttf */; };
		213FDD07208716B300D3A676 /* segoe_ui_italic.ttf in Resources */ = {isa = PBXBuildFile; fileRef = 213FDD042087169800D3A676 /* segoe_ui_italic.ttf */; };
		213FDD09208728AA00D3A676 /* EarningVC.swift in Sources */ = {isa = PBXBuildFile; fileRef = 213FDD08208728AA00D3A676 /* EarningVC.swift */; };
		213FDD0E2087294000D3A676 /* Amountcell.swift in Sources */ = {isa = PBXBuildFile; fileRef = 213FDD0D2087294000D3A676 /* Amountcell.swift */; };
		213FDD10208763D600D3A676 /* ManageVC.swift in Sources */ = {isa = PBXBuildFile; fileRef = 213FDD0F208763D600D3A676 /* ManageVC.swift */; };
		5A0BC9717556D2AB1BF24364 /* Pods_GreegodriverappUITests.framework in Frameworks */ = {isa = PBXBuildFile; fileRef = E58918D30DF48BA4ADBFE9C9 /* Pods_GreegodriverappUITests.framework */; };
		730A8D79207F20AC00152F84 /* HelpViewController.swift in Sources */ = {isa = PBXBuildFile; fileRef = 730A8D78207F20AC00152F84 /* HelpViewController.swift */; };
		730A8D7C207F2AA400152F84 /* SettingViewController.swift in Sources */ = {isa = PBXBuildFile; fileRef = 730A8D7B207F2AA400152F84 /* SettingViewController.swift */; };
		730A8D7E207F3D9400152F84 /* EarningbalanceViewController.swift in Sources */ = {isa = PBXBuildFile; fileRef = 730A8D7D207F3D9400152F84 /* EarningbalanceViewController.swift */; };
		730A8D82207F80AC00152F84 /* Reachability.m in Sources */ = {isa = PBXBuildFile; fileRef = 730A8D81207F80AC00152F84 /* Reachability.m */; };
		730A8D84207F80B700152F84 /* WebServiceClass.swift in Sources */ = {isa = PBXBuildFile; fileRef = 730A8D83207F80B700152F84 /* WebServiceClass.swift */; };
		734F551C20775E7B00512886 /* AppDelegate.swift in Sources */ = {isa = PBXBuildFile; fileRef = 734F551B20775E7B00512886 /* AppDelegate.swift */; };
		734F551E20775E7B00512886 /* ViewController.swift in Sources */ = {isa = PBXBuildFile; fileRef = 734F551D20775E7B00512886 /* ViewController.swift */; };
		734F552120775E7B00512886 /* Main.storyboard in Resources */ = {isa = PBXBuildFile; fileRef = 734F551F20775E7B00512886 /* Main.storyboard */; };
		734F552320775E7B00512886 /* Assets.xcassets in Resources */ = {isa = PBXBuildFile; fileRef = 734F552220775E7B00512886 /* Assets.xcassets */; };
		734F552620775E7B00512886 /* LaunchScreen.storyboard in Resources */ = {isa = PBXBuildFile; fileRef = 734F552420775E7B00512886 /* LaunchScreen.storyboard */; };
		734F553120775E7B00512886 /* GreegodriverappTests.swift in Sources */ = {isa = PBXBuildFile; fileRef = 734F553020775E7B00512886 /* GreegodriverappTests.swift */; };
		734F553C20775E7C00512886 /* GreegodriverappUITests.swift in Sources */ = {isa = PBXBuildFile; fileRef = 734F553B20775E7C00512886 /* GreegodriverappUITests.swift */; };
		734F554A2077797600512886 /* Signup1ViewController.swift in Sources */ = {isa = PBXBuildFile; fileRef = 734F55492077797600512886 /* Signup1ViewController.swift */; };
		73586167207CE3FB00996DC8 /* MobilenumberViewController.swift in Sources */ = {isa = PBXBuildFile; fileRef = 73586166207CE3FB00996DC8 /* MobilenumberViewController.swift */; };
		73586169207CE63100996DC8 /* customTextField.swift in Sources */ = {isa = PBXBuildFile; fileRef = 73586168207CE63100996DC8 /* customTextField.swift */; };
		7358616B207CEB1C00996DC8 /* OtpverificationViewController.swift in Sources */ = {isa = PBXBuildFile; fileRef = 7358616A207CEB1C00996DC8 /* OtpverificationViewController.swift */; };
		736E604E207DD5CF00EDC89B /* PromocodeViewController.swift in Sources */ = {isa = PBXBuildFile; fileRef = 736E604D207DD5CF00EDC89B /* PromocodeViewController.swift */; };
		736E6051207DE70900EDC89B /* DriverpersonalinfoViewController.swift in Sources */ = {isa = PBXBuildFile; fileRef = 736E6050207DE70900EDC89B /* DriverpersonalinfoViewController.swift */; };
		736E6053207DE81600EDC89B /* HADropDown.swift in Sources */ = {isa = PBXBuildFile; fileRef = 736E6052207DE81600EDC89B /* HADropDown.swift */; };
		736E6056207DE86E00EDC89B /* DrivershippingaddViewController.swift in Sources */ = {isa = PBXBuildFile; fileRef = 736E6055207DE86E00EDC89B /* DrivershippingaddViewController.swift */; };
		736E6058207DF95C00EDC89B /* DriverprofileViewController.swift in Sources */ = {isa = PBXBuildFile; fileRef = 736E6057207DF95C00EDC89B /* DriverprofileViewController.swift */; };
		736E605A207DF9DE00EDC89B /* DriverdocumentViewController.swift in Sources */ = {isa = PBXBuildFile; fileRef = 736E6059207DF9DE00EDC89B /* DriverdocumentViewController.swift */; };
		736E605C207E06BA00EDC89B /* DriverbankViewController.swift in Sources */ = {isa = PBXBuildFile; fileRef = 736E605B207E06BA00EDC89B /* DriverbankViewController.swift */; };
		736E605E207E121A00EDC89B /* DrivertypeViewController.swift in Sources */ = {isa = PBXBuildFile; fileRef = 736E605D207E121A00EDC89B /* DrivertypeViewController.swift */; };
		736E6063207E169900EDC89B /* SWRevealViewController.m in Sources */ = {isa = PBXBuildFile; fileRef = 736E6061207E169900EDC89B /* SWRevealViewController.m */; };
		736E6064207E169900EDC89B /* sidemenuViewController.swift in Sources */ = {isa = PBXBuildFile; fileRef = 736E6062207E169900EDC89B /* sidemenuViewController.swift */; };
		736E6066207E1B7400EDC89B /* MenuViewController.swift in Sources */ = {isa = PBXBuildFile; fileRef = 736E6065207E1B7400EDC89B /* MenuViewController.swift */; };
		73952EF1207889E300C859B7 /* SignupNameVC.swift in Sources */ = {isa = PBXBuildFile; fileRef = 73952EF0207889E300C859B7 /* SignupNameVC.swift */; };
		73CBA35F2080787F0010271A /* EmailViewController.swift in Sources */ = {isa = PBXBuildFile; fileRef = 73CBA35E2080787E0010271A /* EmailViewController.swift */; };
		73CBA361208086B90010271A /* TermandconditionViewController.swift in Sources */ = {isa = PBXBuildFile; fileRef = 73CBA360208086B90010271A /* TermandconditionViewController.swift */; };
		D69D3B7A571BA7D9E61576B5 /* Pods_Greegodriverapp.framework in Frameworks */ = {isa = PBXBuildFile; fileRef = D1A770A6BA830DF9EF20B29F /* Pods_Greegodriverapp.framework */; };
		EE6494C2E13470E251F6FA02 /* Pods_GreegodriverappTests.framework in Frameworks */ = {isa = PBXBuildFile; fileRef = 95D2C759D94B517E0927ED67 /* Pods_GreegodriverappTests.framework */; };
/* End PBXBuildFile section */

/* Begin PBXContainerItemProxy section */
		734F552D20775E7B00512886 /* PBXContainerItemProxy */ = {
			isa = PBXContainerItemProxy;
			containerPortal = 734F551020775E7B00512886 /* Project object */;
			proxyType = 1;
			remoteGlobalIDString = 734F551720775E7B00512886;
			remoteInfo = Greegodriverapp;
		};
		734F553820775E7C00512886 /* PBXContainerItemProxy */ = {
			isa = PBXContainerItemProxy;
			containerPortal = 734F551020775E7B00512886 /* Project object */;
			proxyType = 1;
			remoteGlobalIDString = 734F551720775E7B00512886;
			remoteInfo = Greegodriverapp;
		};
/* End PBXContainerItemProxy section */

/* Begin PBXFileReference section */
		1E2E5C316AB7804DEE9CB51D /* Pods-GreegodriverappTests.release.xcconfig */ = {isa = PBXFileReference; includeInIndex = 1; lastKnownFileType = text.xcconfig; name = "Pods-GreegodriverappTests.release.xcconfig"; path = "Pods/Target Support Files/Pods-GreegodriverappTests/Pods-GreegodriverappTests.release.xcconfig"; sourceTree = "<group>"; };
		2058716E25E01CC9478016A5 /* Pods-GreegodriverappUITests.release.xcconfig */ = {isa = PBXFileReference; includeInIndex = 1; lastKnownFileType = text.xcconfig; name = "Pods-GreegodriverappUITests.release.xcconfig"; path = "Pods/Target Support Files/Pods-GreegodriverappUITests/Pods-GreegodriverappUITests.release.xcconfig"; sourceTree = "<group>"; };
		2100F8FC2086092000CD7EFD /* DrivemapVC.swift */ = {isa = PBXFileReference; lastKnownFileType = sourcecode.swift; path = DrivemapVC.swift; sourceTree = "<group>"; };
		213FDD022087169200D3A676 /* Segoe UI.ttf */ = {isa = PBXFileReference; lastKnownFileType = file; path = "Segoe UI.ttf"; sourceTree = "<group>"; };
		213FDD032087169500D3A676 /* segoe_ui_bold_italic.ttf */ = {isa = PBXFileReference; lastKnownFileType = file; path = segoe_ui_bold_italic.ttf; sourceTree = "<group>"; };
		213FDD042087169800D3A676 /* segoe_ui_italic.ttf */ = {isa = PBXFileReference; lastKnownFileType = file; path = segoe_ui_italic.ttf; sourceTree = "<group>"; };
		213FDD08208728AA00D3A676 /* EarningVC.swift */ = {isa = PBXFileReference; lastKnownFileType = sourcecode.swift; path = EarningVC.swift; sourceTree = "<group>"; };
		213FDD0D2087294000D3A676 /* Amountcell.swift */ = {isa = PBXFileReference; lastKnownFileType = sourcecode.swift; path = Amountcell.swift; sourceTree = "<group>"; };
		213FDD0F208763D600D3A676 /* ManageVC.swift */ = {isa = PBXFileReference; lastKnownFileType = sourcecode.swift; path = ManageVC.swift; sourceTree = "<group>"; };
		35723F21BCF507A0EBF483BE /* Pods-Greegodriverapp.debug.xcconfig */ = {isa = PBXFileReference; includeInIndex = 1; lastKnownFileType = text.xcconfig; name = "Pods-Greegodriverapp.debug.xcconfig"; path = "Pods/Target Support Files/Pods-Greegodriverapp/Pods-Greegodriverapp.debug.xcconfig"; sourceTree = "<group>"; };
		58CE5B777491165BA0C50600 /* Pods-GreegodriverappTests.debug.xcconfig */ = {isa = PBXFileReference; includeInIndex = 1; lastKnownFileType = text.xcconfig; name = "Pods-GreegodriverappTests.debug.xcconfig"; path = "Pods/Target Support Files/Pods-GreegodriverappTests/Pods-GreegodriverappTests.debug.xcconfig"; sourceTree = "<group>"; };
		6C8E298B48A9EC3F34E8DF21 /* Pods-GreegodriverappUITests.debug.xcconfig */ = {isa = PBXFileReference; includeInIndex = 1; lastKnownFileType = text.xcconfig; name = "Pods-GreegodriverappUITests.debug.xcconfig"; path = "Pods/Target Support Files/Pods-GreegodriverappUITests/Pods-GreegodriverappUITests.debug.xcconfig"; sourceTree = "<group>"; };
		730A8D78207F20AC00152F84 /* HelpViewController.swift */ = {isa = PBXFileReference; lastKnownFileType = sourcecode.swift; path = HelpViewController.swift; sourceTree = "<group>"; };
		730A8D7B207F2AA400152F84 /* SettingViewController.swift */ = {isa = PBXFileReference; lastKnownFileType = sourcecode.swift; path = SettingViewController.swift; sourceTree = "<group>"; };
		730A8D7D207F3D9400152F84 /* EarningbalanceViewController.swift */ = {isa = PBXFileReference; lastKnownFileType = sourcecode.swift; path = EarningbalanceViewController.swift; sourceTree = "<group>"; };
		730A8D80207F80A000152F84 /* Reachability.h */ = {isa = PBXFileReference; lastKnownFileType = sourcecode.c.h; path = Reachability.h; sourceTree = "<group>"; };
		730A8D81207F80AC00152F84 /* Reachability.m */ = {isa = PBXFileReference; fileEncoding = 4; lastKnownFileType = sourcecode.c.objc; path = Reachability.m; sourceTree = "<group>"; };
		730A8D83207F80B700152F84 /* WebServiceClass.swift */ = {isa = PBXFileReference; fileEncoding = 4; lastKnownFileType = sourcecode.swift; path = WebServiceClass.swift; sourceTree = "<group>"; };
		734F551820775E7B00512886 /* Greegodriverapp.app */ = {isa = PBXFileReference; explicitFileType = wrapper.application; includeInIndex = 0; path = Greegodriverapp.app; sourceTree = BUILT_PRODUCTS_DIR; };
		734F551B20775E7B00512886 /* AppDelegate.swift */ = {isa = PBXFileReference; lastKnownFileType = sourcecode.swift; path = AppDelegate.swift; sourceTree = "<group>"; };
		734F551D20775E7B00512886 /* ViewController.swift */ = {isa = PBXFileReference; lastKnownFileType = sourcecode.swift; path = ViewController.swift; sourceTree = "<group>"; };
		734F552020775E7B00512886 /* Base */ = {isa = PBXFileReference; lastKnownFileType = file.storyboard; name = Base; path = Base.lproj/Main.storyboard; sourceTree = "<group>"; };
		734F552220775E7B00512886 /* Assets.xcassets */ = {isa = PBXFileReference; lastKnownFileType = folder.assetcatalog; path = Assets.xcassets; sourceTree = "<group>"; };
		734F552520775E7B00512886 /* Base */ = {isa = PBXFileReference; lastKnownFileType = file.storyboard; name = Base; path = Base.lproj/LaunchScreen.storyboard; sourceTree = "<group>"; };
		734F552720775E7B00512886 /* Info.plist */ = {isa = PBXFileReference; lastKnownFileType = text.plist.xml; path = Info.plist; sourceTree = "<group>"; };
		734F552C20775E7B00512886 /* GreegodriverappTests.xctest */ = {isa = PBXFileReference; explicitFileType = wrapper.cfbundle; includeInIndex = 0; path = GreegodriverappTests.xctest; sourceTree = BUILT_PRODUCTS_DIR; };
		734F553020775E7B00512886 /* GreegodriverappTests.swift */ = {isa = PBXFileReference; lastKnownFileType = sourcecode.swift; path = GreegodriverappTests.swift; sourceTree = "<group>"; };
		734F553220775E7B00512886 /* Info.plist */ = {isa = PBXFileReference; lastKnownFileType = text.plist.xml; path = Info.plist; sourceTree = "<group>"; };
		734F553720775E7C00512886 /* GreegodriverappUITests.xctest */ = {isa = PBXFileReference; explicitFileType = wrapper.cfbundle; includeInIndex = 0; path = GreegodriverappUITests.xctest; sourceTree = BUILT_PRODUCTS_DIR; };
		734F553B20775E7C00512886 /* GreegodriverappUITests.swift */ = {isa = PBXFileReference; lastKnownFileType = sourcecode.swift; path = GreegodriverappUITests.swift; sourceTree = "<group>"; };
		734F553D20775E7C00512886 /* Info.plist */ = {isa = PBXFileReference; lastKnownFileType = text.plist.xml; path = Info.plist; sourceTree = "<group>"; };
		734F55492077797600512886 /* Signup1ViewController.swift */ = {isa = PBXFileReference; lastKnownFileType = sourcecode.swift; path = Signup1ViewController.swift; sourceTree = "<group>"; };
		73586166207CE3FB00996DC8 /* MobilenumberViewController.swift */ = {isa = PBXFileReference; lastKnownFileType = sourcecode.swift; path = MobilenumberViewController.swift; sourceTree = "<group>"; };
		73586168207CE63100996DC8 /* customTextField.swift */ = {isa = PBXFileReference; fileEncoding = 4; lastKnownFileType = sourcecode.swift; path = customTextField.swift; sourceTree = "<group>"; };
		7358616A207CEB1C00996DC8 /* OtpverificationViewController.swift */ = {isa = PBXFileReference; lastKnownFileType = sourcecode.swift; path = OtpverificationViewController.swift; sourceTree = "<group>"; };
		736E604D207DD5CF00EDC89B /* PromocodeViewController.swift */ = {isa = PBXFileReference; lastKnownFileType = sourcecode.swift; path = PromocodeViewController.swift; sourceTree = "<group>"; };
		736E6050207DE70900EDC89B /* DriverpersonalinfoViewController.swift */ = {isa = PBXFileReference; lastKnownFileType = sourcecode.swift; path = DriverpersonalinfoViewController.swift; sourceTree = "<group>"; };
		736E6052207DE81600EDC89B /* HADropDown.swift */ = {isa = PBXFileReference; fileEncoding = 4; lastKnownFileType = sourcecode.swift; path = HADropDown.swift; sourceTree = "<group>"; };
		736E6055207DE86E00EDC89B /* DrivershippingaddViewController.swift */ = {isa = PBXFileReference; lastKnownFileType = sourcecode.swift; path = DrivershippingaddViewController.swift; sourceTree = "<group>"; };
		736E6057207DF95C00EDC89B /* DriverprofileViewController.swift */ = {isa = PBXFileReference; lastKnownFileType = sourcecode.swift; path = DriverprofileViewController.swift; sourceTree = "<group>"; };
		736E6059207DF9DE00EDC89B /* DriverdocumentViewController.swift */ = {isa = PBXFileReference; lastKnownFileType = sourcecode.swift; path = DriverdocumentViewController.swift; sourceTree = "<group>"; };
		736E605B207E06BA00EDC89B /* DriverbankViewController.swift */ = {isa = PBXFileReference; lastKnownFileType = sourcecode.swift; path = DriverbankViewController.swift; sourceTree = "<group>"; };
		736E605D207E121A00EDC89B /* DrivertypeViewController.swift */ = {isa = PBXFileReference; lastKnownFileType = sourcecode.swift; path = DrivertypeViewController.swift; sourceTree = "<group>"; };
		736E605F207E169700EDC89B /* Greegodriverapp-Bridging-Header.h */ = {isa = PBXFileReference; lastKnownFileType = sourcecode.c.h; path = "Greegodriverapp-Bridging-Header.h"; sourceTree = "<group>"; };
		736E6060207E169800EDC89B /* SWRevealViewController.h */ = {isa = PBXFileReference; fileEncoding = 4; lastKnownFileType = sourcecode.c.h; path = SWRevealViewController.h; sourceTree = "<group>"; };
		736E6061207E169900EDC89B /* SWRevealViewController.m */ = {isa = PBXFileReference; fileEncoding = 4; lastKnownFileType = sourcecode.c.objc; path = SWRevealViewController.m; sourceTree = "<group>"; };
		736E6062207E169900EDC89B /* sidemenuViewController.swift */ = {isa = PBXFileReference; fileEncoding = 4; lastKnownFileType = sourcecode.swift; path = sidemenuViewController.swift; sourceTree = "<group>"; };
		736E6065207E1B7400EDC89B /* MenuViewController.swift */ = {isa = PBXFileReference; lastKnownFileType = sourcecode.swift; path = MenuViewController.swift; sourceTree = "<group>"; };
		73952EF0207889E300C859B7 /* SignupNameVC.swift */ = {isa = PBXFileReference; lastKnownFileType = sourcecode.swift; path = SignupNameVC.swift; sourceTree = "<group>"; };
		73CBA35E2080787E0010271A /* EmailViewController.swift */ = {isa = PBXFileReference; lastKnownFileType = sourcecode.swift; path = EmailViewController.swift; sourceTree = "<group>"; };
		73CBA360208086B90010271A /* TermandconditionViewController.swift */ = {isa = PBXFileReference; lastKnownFileType = sourcecode.swift; path = TermandconditionViewController.swift; sourceTree = "<group>"; };
		95D2C759D94B517E0927ED67 /* Pods_GreegodriverappTests.framework */ = {isa = PBXFileReference; explicitFileType = wrapper.framework; includeInIndex = 0; path = Pods_GreegodriverappTests.framework; sourceTree = BUILT_PRODUCTS_DIR; };
		B9F54B0CCDDB4B24FD5DD0F9 /* Pods-Greegodriverapp.release.xcconfig */ = {isa = PBXFileReference; includeInIndex = 1; lastKnownFileType = text.xcconfig; name = "Pods-Greegodriverapp.release.xcconfig"; path = "Pods/Target Support Files/Pods-Greegodriverapp/Pods-Greegodriverapp.release.xcconfig"; sourceTree = "<group>"; };
		D1A770A6BA830DF9EF20B29F /* Pods_Greegodriverapp.framework */ = {isa = PBXFileReference; explicitFileType = wrapper.framework; includeInIndex = 0; path = Pods_Greegodriverapp.framework; sourceTree = BUILT_PRODUCTS_DIR; };
		E58918D30DF48BA4ADBFE9C9 /* Pods_GreegodriverappUITests.framework */ = {isa = PBXFileReference; explicitFileType = wrapper.framework; includeInIndex = 0; path = Pods_GreegodriverappUITests.framework; sourceTree = BUILT_PRODUCTS_DIR; };
/* End PBXFileReference section */

/* Begin PBXFrameworksBuildPhase section */
		734F551520775E7B00512886 /* Frameworks */ = {
			isa = PBXFrameworksBuildPhase;
			buildActionMask = 2147483647;
			files = (
				D69D3B7A571BA7D9E61576B5 /* Pods_Greegodriverapp.framework in Frameworks */,
			);
			runOnlyForDeploymentPostprocessing = 0;
		};
		734F552920775E7B00512886 /* Frameworks */ = {
			isa = PBXFrameworksBuildPhase;
			buildActionMask = 2147483647;
			files = (
				EE6494C2E13470E251F6FA02 /* Pods_GreegodriverappTests.framework in Frameworks */,
			);
			runOnlyForDeploymentPostprocessing = 0;
		};
		734F553420775E7C00512886 /* Frameworks */ = {
			isa = PBXFrameworksBuildPhase;
			buildActionMask = 2147483647;
			files = (
				5A0BC9717556D2AB1BF24364 /* Pods_GreegodriverappUITests.framework in Frameworks */,
			);
			runOnlyForDeploymentPostprocessing = 0;
		};
/* End PBXFrameworksBuildPhase section */

/* Begin PBXGroup section */
		2100F8FB208608D500CD7EFD /* tababrscreens */ = {
			isa = PBXGroup;
			children = (
				2100F8FC2086092000CD7EFD /* DrivemapVC.swift */,
				213FDD0F208763D600D3A676 /* ManageVC.swift */,
				213FDD08208728AA00D3A676 /* EarningVC.swift */,
			);
			path = tababrscreens;
			sourceTree = "<group>";
		};
		213FDD012087164000D3A676 /* Fonts */ = {
			isa = PBXGroup;
			children = (
				213FDD022087169200D3A676 /* Segoe UI.ttf */,
				213FDD032087169500D3A676 /* segoe_ui_bold_italic.ttf */,
				213FDD042087169800D3A676 /* segoe_ui_italic.ttf */,
			);
			path = Fonts;
			sourceTree = "<group>";
		};
		213FDD0A208728D500D3A676 /* tableview Cell */ = {
			isa = PBXGroup;
			children = (
				213FDD0D2087294000D3A676 /* Amountcell.swift */,
			);
			path = "tableview Cell";
			sourceTree = "<group>";
		};
		5CA1238DFF2EC88CA35AA471 /* Pods */ = {
			isa = PBXGroup;
			children = (
				35723F21BCF507A0EBF483BE /* Pods-Greegodriverapp.debug.xcconfig */,
				B9F54B0CCDDB4B24FD5DD0F9 /* Pods-Greegodriverapp.release.xcconfig */,
				58CE5B777491165BA0C50600 /* Pods-GreegodriverappTests.debug.xcconfig */,
				1E2E5C316AB7804DEE9CB51D /* Pods-GreegodriverappTests.release.xcconfig */,
				6C8E298B48A9EC3F34E8DF21 /* Pods-GreegodriverappUITests.debug.xcconfig */,
				2058716E25E01CC9478016A5 /* Pods-GreegodriverappUITests.release.xcconfig */,
			);
			name = Pods;
			sourceTree = "<group>";
		};
		730A8D7A207F21A000152F84 /* Sidemenu */ = {
			isa = PBXGroup;
			children = (
				736E6065207E1B7400EDC89B /* MenuViewController.swift */,
				730A8D78207F20AC00152F84 /* HelpViewController.swift */,
				736E6062207E169900EDC89B /* sidemenuViewController.swift */,
				730A8D7B207F2AA400152F84 /* SettingViewController.swift */,
			);
			path = Sidemenu;
			sourceTree = "<group>";
		};
		730A8D7F207F3D9D00152F84 /* Earningbalance */ = {
			isa = PBXGroup;
			children = (
				730A8D7D207F3D9400152F84 /* EarningbalanceViewController.swift */,
			);
			path = Earningbalance;
			sourceTree = "<group>";
		};
		734F550F20775E7B00512886 = {
			isa = PBXGroup;
			children = (
				73586168207CE63100996DC8 /* customTextField.swift */,
				736E605F207E169700EDC89B /* Greegodriverapp-Bridging-Header.h */,
				213FDD012087164000D3A676 /* Fonts */,
				734F551A20775E7B00512886 /* Greegodriverapp */,
				7388182E2078878B007A44D6 /* Storyboards */,
				734F552F20775E7B00512886 /* GreegodriverappTests */,
				734F553A20775E7C00512886 /* GreegodriverappUITests */,
				734F551920775E7B00512886 /* Products */,
				5CA1238DFF2EC88CA35AA471 /* Pods */,
				8ACBBE16A513033742CABF5A /* Frameworks */,
			);
			sourceTree = "<group>";
		};
		734F551920775E7B00512886 /* Products */ = {
			isa = PBXGroup;
			children = (
				734F551820775E7B00512886 /* Greegodriverapp.app */,
				734F552C20775E7B00512886 /* GreegodriverappTests.xctest */,
				734F553720775E7C00512886 /* GreegodriverappUITests.xctest */,
			);
			name = Products;
			sourceTree = "<group>";
		};
		734F551A20775E7B00512886 /* Greegodriverapp */ = {
			isa = PBXGroup;
			children = (
				213FDD0A208728D500D3A676 /* tableview Cell */,
				730A8D7F207F3D9D00152F84 /* Earningbalance */,
				730A8D7A207F21A000152F84 /* Sidemenu */,
				736E6054207DE83D00EDC89B /* Helper */,
				2100F8FB208608D500CD7EFD /* tababrscreens */,
				7388182D2078874A007A44D6 /* Registration */,
				734F551B20775E7B00512886 /* AppDelegate.swift */,
				734F551D20775E7B00512886 /* ViewController.swift */,
				734F552220775E7B00512886 /* Assets.xcassets */,
				734F552720775E7B00512886 /* Info.plist */,
			);
			path = Greegodriverapp;
			sourceTree = "<group>";
		};
		734F552F20775E7B00512886 /* GreegodriverappTests */ = {
			isa = PBXGroup;
			children = (
				734F553020775E7B00512886 /* GreegodriverappTests.swift */,
				734F553220775E7B00512886 /* Info.plist */,
			);
			path = GreegodriverappTests;
			sourceTree = "<group>";
		};
		734F553A20775E7C00512886 /* GreegodriverappUITests */ = {
			isa = PBXGroup;
			children = (
				734F553B20775E7C00512886 /* GreegodriverappUITests.swift */,
				734F553D20775E7C00512886 /* Info.plist */,
			);
			path = GreegodriverappUITests;
			sourceTree = "<group>";
		};
		736E6054207DE83D00EDC89B /* Helper */ = {
			isa = PBXGroup;
			children = (
				730A8D83207F80B700152F84 /* WebServiceClass.swift */,
				730A8D80207F80A000152F84 /* Reachability.h */,
				730A8D81207F80AC00152F84 /* Reachability.m */,
				736E6060207E169800EDC89B /* SWRevealViewController.h */,
				736E6061207E169900EDC89B /* SWRevealViewController.m */,
				736E6052207DE81600EDC89B /* HADropDown.swift */,
			);
			path = Helper;
			sourceTree = "<group>";
		};
		7388182D2078874A007A44D6 /* Registration */ = {
			isa = PBXGroup;
			children = (
				736E6057207DF95C00EDC89B /* DriverprofileViewController.swift */,
				736E604D207DD5CF00EDC89B /* PromocodeViewController.swift */,
				734F55492077797600512886 /* Signup1ViewController.swift */,
				73586166207CE3FB00996DC8 /* MobilenumberViewController.swift */,
				7358616A207CEB1C00996DC8 /* OtpverificationViewController.swift */,
				73952EF0207889E300C859B7 /* SignupNameVC.swift */,
				736E6050207DE70900EDC89B /* DriverpersonalinfoViewController.swift */,
				736E6055207DE86E00EDC89B /* DrivershippingaddViewController.swift */,
				736E6059207DF9DE00EDC89B /* DriverdocumentViewController.swift */,
				736E605B207E06BA00EDC89B /* DriverbankViewController.swift */,
				736E605D207E121A00EDC89B /* DrivertypeViewController.swift */,
				73CBA35E2080787E0010271A /* EmailViewController.swift */,
				73CBA360208086B90010271A /* TermandconditionViewController.swift */,
			);
			path = Registration;
			sourceTree = "<group>";
		};
		7388182E2078878B007A44D6 /* Storyboards */ = {
			isa = PBXGroup;
			children = (
				734F551F20775E7B00512886 /* Main.storyboard */,
				734F552420775E7B00512886 /* LaunchScreen.storyboard */,
			);
			path = Storyboards;
			sourceTree = "<group>";
		};
		8ACBBE16A513033742CABF5A /* Frameworks */ = {
			isa = PBXGroup;
			children = (
				D1A770A6BA830DF9EF20B29F /* Pods_Greegodriverapp.framework */,
				95D2C759D94B517E0927ED67 /* Pods_GreegodriverappTests.framework */,
				E58918D30DF48BA4ADBFE9C9 /* Pods_GreegodriverappUITests.framework */,
			);
			name = Frameworks;
			sourceTree = "<group>";
		};
/* End PBXGroup section */

/* Begin PBXNativeTarget section */
		734F551720775E7B00512886 /* Greegodriverapp */ = {
			isa = PBXNativeTarget;
			buildConfigurationList = 734F554020775E7C00512886 /* Build configuration list for PBXNativeTarget "Greegodriverapp" */;
			buildPhases = (
				D964B3D4870614BBFB0624B9 /* [CP] Check Pods Manifest.lock */,
				734F551420775E7B00512886 /* Sources */,
				734F551520775E7B00512886 /* Frameworks */,
				734F551620775E7B00512886 /* Resources */,
				FACCD240E1A4E63AF220963E /* [CP] Embed Pods Frameworks */,
				1BC0A52222EEE3ADAE1DC602 /* [CP] Copy Pods Resources */,
			);
			buildRules = (
			);
			dependencies = (
			);
			name = Greegodriverapp;
			productName = Greegodriverapp;
			productReference = 734F551820775E7B00512886 /* Greegodriverapp.app */;
			productType = "com.apple.product-type.application";
		};
		734F552B20775E7B00512886 /* GreegodriverappTests */ = {
			isa = PBXNativeTarget;
			buildConfigurationList = 734F554320775E7C00512886 /* Build configuration list for PBXNativeTarget "GreegodriverappTests" */;
			buildPhases = (
				CFB8A9546AC83F5DD207E923 /* [CP] Check Pods Manifest.lock */,
				734F552820775E7B00512886 /* Sources */,
				734F552920775E7B00512886 /* Frameworks */,
				734F552A20775E7B00512886 /* Resources */,
				46CCAC47A5E307783F693DAD /* [CP] Embed Pods Frameworks */,
				6A8CD97557BF2EFA879BA667 /* [CP] Copy Pods Resources */,
			);
			buildRules = (
			);
			dependencies = (
				734F552E20775E7B00512886 /* PBXTargetDependency */,
			);
			name = GreegodriverappTests;
			productName = GreegodriverappTests;
			productReference = 734F552C20775E7B00512886 /* GreegodriverappTests.xctest */;
			productType = "com.apple.product-type.bundle.unit-test";
		};
		734F553620775E7C00512886 /* GreegodriverappUITests */ = {
			isa = PBXNativeTarget;
			buildConfigurationList = 734F554620775E7C00512886 /* Build configuration list for PBXNativeTarget "GreegodriverappUITests" */;
			buildPhases = (
				BB8C5768940F5FB50B0D14AB /* [CP] Check Pods Manifest.lock */,
				734F553320775E7C00512886 /* Sources */,
				734F553420775E7C00512886 /* Frameworks */,
				734F553520775E7C00512886 /* Resources */,
				BB11B4203298C7DECC4A19BA /* [CP] Embed Pods Frameworks */,
				69917D1F0DE4B55002D71DF2 /* [CP] Copy Pods Resources */,
			);
			buildRules = (
			);
			dependencies = (
				734F553920775E7C00512886 /* PBXTargetDependency */,
			);
			name = GreegodriverappUITests;
			productName = GreegodriverappUITests;
			productReference = 734F553720775E7C00512886 /* GreegodriverappUITests.xctest */;
			productType = "com.apple.product-type.bundle.ui-testing";
		};
/* End PBXNativeTarget section */

/* Begin PBXProject section */
		734F551020775E7B00512886 /* Project object */ = {
			isa = PBXProject;
			attributes = {
				LastSwiftUpdateCheck = 0920;
				LastUpgradeCheck = 0920;
				ORGANIZATIONNAME = "Harshal Shah";
				TargetAttributes = {
					734F551720775E7B00512886 = {
						CreatedOnToolsVersion = 9.2;
						LastSwiftMigration = 0920;
						ProvisioningStyle = Automatic;
					};
					734F552B20775E7B00512886 = {
						CreatedOnToolsVersion = 9.2;
						ProvisioningStyle = Automatic;
						TestTargetID = 734F551720775E7B00512886;
					};
					734F553620775E7C00512886 = {
						CreatedOnToolsVersion = 9.2;
						ProvisioningStyle = Automatic;
						TestTargetID = 734F551720775E7B00512886;
					};
				};
			};
			buildConfigurationList = 734F551320775E7B00512886 /* Build configuration list for PBXProject "Greegodriverapp" */;
			compatibilityVersion = "Xcode 8.0";
			developmentRegion = en;
			hasScannedForEncodings = 0;
			knownRegions = (
				en,
				Base,
			);
			mainGroup = 734F550F20775E7B00512886;
			productRefGroup = 734F551920775E7B00512886 /* Products */;
			projectDirPath = "";
			projectRoot = "";
			targets = (
				734F551720775E7B00512886 /* Greegodriverapp */,
				734F552B20775E7B00512886 /* GreegodriverappTests */,
				734F553620775E7C00512886 /* GreegodriverappUITests */,
			);
		};
/* End PBXProject section */

/* Begin PBXResourcesBuildPhase section */
		734F551620775E7B00512886 /* Resources */ = {
			isa = PBXResourcesBuildPhase;
			buildActionMask = 2147483647;
			files = (
				213FDD05208716B300D3A676 /* Segoe UI.ttf in Resources */,
				213FDD06208716B300D3A676 /* segoe_ui_bold_italic.ttf in Resources */,
				213FDD07208716B300D3A676 /* segoe_ui_italic.ttf in Resources */,
				734F552620775E7B00512886 /* LaunchScreen.storyboard in Resources */,
				734F552320775E7B00512886 /* Assets.xcassets in Resources */,
				734F552120775E7B00512886 /* Main.storyboard in Resources */,
			);
			runOnlyForDeploymentPostprocessing = 0;
		};
		734F552A20775E7B00512886 /* Resources */ = {
			isa = PBXResourcesBuildPhase;
			buildActionMask = 2147483647;
			files = (
			);
			runOnlyForDeploymentPostprocessing = 0;
		};
		734F553520775E7C00512886 /* Resources */ = {
			isa = PBXResourcesBuildPhase;
			buildActionMask = 2147483647;
			files = (
			);
			runOnlyForDeploymentPostprocessing = 0;
		};
/* End PBXResourcesBuildPhase section */

/* Begin PBXShellScriptBuildPhase section */
		1BC0A52222EEE3ADAE1DC602 /* [CP] Copy Pods Resources */ = {
			isa = PBXShellScriptBuildPhase;
			buildActionMask = 2147483647;
			files = (
			);
			inputPaths = (
				"${SRCROOT}/Pods/Target Support Files/Pods-Greegodriverapp/Pods-Greegodriverapp-resources.sh",
				"${PODS_ROOT}/GoogleMaps/Maps/Frameworks/GoogleMaps.framework/Resources/GoogleMaps.bundle",
				"${PODS_ROOT}/GooglePlaces/Frameworks/GooglePlaces.framework/Resources/GooglePlaces.bundle",
			);
			name = "[CP] Copy Pods Resources";
			outputPaths = (
				"${TARGET_BUILD_DIR}/${UNLOCALIZED_RESOURCES_FOLDER_PATH}/GoogleMaps.bundle",
				"${TARGET_BUILD_DIR}/${UNLOCALIZED_RESOURCES_FOLDER_PATH}/GooglePlaces.bundle",
			);
			runOnlyForDeploymentPostprocessing = 0;
			shellPath = /bin/sh;
			shellScript = "\"${SRCROOT}/Pods/Target Support Files/Pods-Greegodriverapp/Pods-Greegodriverapp-resources.sh\"\n";
			showEnvVarsInLog = 0;
		};
		46CCAC47A5E307783F693DAD /* [CP] Embed Pods Frameworks */ = {
			isa = PBXShellScriptBuildPhase;
			buildActionMask = 2147483647;
			files = (
			);
			inputPaths = (
			);
			name = "[CP] Embed Pods Frameworks";
			outputPaths = (
			);
			runOnlyForDeploymentPostprocessing = 0;
			shellPath = /bin/sh;
			shellScript = "\"${SRCROOT}/Pods/Target Support Files/Pods-GreegodriverappTests/Pods-GreegodriverappTests-frameworks.sh\"\n";
			showEnvVarsInLog = 0;
		};
		69917D1F0DE4B55002D71DF2 /* [CP] Copy Pods Resources */ = {
			isa = PBXShellScriptBuildPhase;
			buildActionMask = 2147483647;
			files = (
			);
			inputPaths = (
			);
			name = "[CP] Copy Pods Resources";
			outputPaths = (
			);
			runOnlyForDeploymentPostprocessing = 0;
			shellPath = /bin/sh;
			shellScript = "\"${SRCROOT}/Pods/Target Support Files/Pods-GreegodriverappUITests/Pods-GreegodriverappUITests-resources.sh\"\n";
			showEnvVarsInLog = 0;
		};
		6A8CD97557BF2EFA879BA667 /* [CP] Copy Pods Resources */ = {
			isa = PBXShellScriptBuildPhase;
			buildActionMask = 2147483647;
			files = (
			);
			inputPaths = (
			);
			name = "[CP] Copy Pods Resources";
			outputPaths = (
			);
			runOnlyForDeploymentPostprocessing = 0;
			shellPath = /bin/sh;
			shellScript = "\"${SRCROOT}/Pods/Target Support Files/Pods-GreegodriverappTests/Pods-GreegodriverappTests-resources.sh\"\n";
			showEnvVarsInLog = 0;
		};
		BB11B4203298C7DECC4A19BA /* [CP] Embed Pods Frameworks */ = {
			isa = PBXShellScriptBuildPhase;
			buildActionMask = 2147483647;
			files = (
			);
			inputPaths = (
			);
			name = "[CP] Embed Pods Frameworks";
			outputPaths = (
			);
			runOnlyForDeploymentPostprocessing = 0;
			shellPath = /bin/sh;
			shellScript = "\"${SRCROOT}/Pods/Target Support Files/Pods-GreegodriverappUITests/Pods-GreegodriverappUITests-frameworks.sh\"\n";
			showEnvVarsInLog = 0;
		};
		BB8C5768940F5FB50B0D14AB /* [CP] Check Pods Manifest.lock */ = {
			isa = PBXShellScriptBuildPhase;
			buildActionMask = 2147483647;
			files = (
			);
			inputPaths = (
				"${PODS_PODFILE_DIR_PATH}/Podfile.lock",
				"${PODS_ROOT}/Manifest.lock",
			);
			name = "[CP] Check Pods Manifest.lock";
			outputPaths = (
				"$(DERIVED_FILE_DIR)/Pods-GreegodriverappUITests-checkManifestLockResult.txt",
			);
			runOnlyForDeploymentPostprocessing = 0;
			shellPath = /bin/sh;
			shellScript = "diff \"${PODS_PODFILE_DIR_PATH}/Podfile.lock\" \"${PODS_ROOT}/Manifest.lock\" > /dev/null\nif [ $? != 0 ] ; then\n    # print error to STDERR\n    echo \"error: The sandbox is not in sync with the Podfile.lock. Run 'pod install' or update your CocoaPods installation.\" >&2\n    exit 1\nfi\n# This output is used by Xcode 'outputs' to avoid re-running this script phase.\necho \"SUCCESS\" > \"${SCRIPT_OUTPUT_FILE_0}\"\n";
			showEnvVarsInLog = 0;
		};
		CFB8A9546AC83F5DD207E923 /* [CP] Check Pods Manifest.lock */ = {
			isa = PBXShellScriptBuildPhase;
			buildActionMask = 2147483647;
			files = (
			);
			inputPaths = (
				"${PODS_PODFILE_DIR_PATH}/Podfile.lock",
				"${PODS_ROOT}/Manifest.lock",
			);
			name = "[CP] Check Pods Manifest.lock";
			outputPaths = (
				"$(DERIVED_FILE_DIR)/Pods-GreegodriverappTests-checkManifestLockResult.txt",
			);
			runOnlyForDeploymentPostprocessing = 0;
			shellPath = /bin/sh;
			shellScript = "diff \"${PODS_PODFILE_DIR_PATH}/Podfile.lock\" \"${PODS_ROOT}/Manifest.lock\" > /dev/null\nif [ $? != 0 ] ; then\n    # print error to STDERR\n    echo \"error: The sandbox is not in sync with the Podfile.lock. Run 'pod install' or update your CocoaPods installation.\" >&2\n    exit 1\nfi\n# This output is used by Xcode 'outputs' to avoid re-running this script phase.\necho \"SUCCESS\" > \"${SCRIPT_OUTPUT_FILE_0}\"\n";
			showEnvVarsInLog = 0;
		};
		D964B3D4870614BBFB0624B9 /* [CP] Check Pods Manifest.lock */ = {
			isa = PBXShellScriptBuildPhase;
			buildActionMask = 2147483647;
			files = (
			);
			inputPaths = (
				"${PODS_PODFILE_DIR_PATH}/Podfile.lock",
				"${PODS_ROOT}/Manifest.lock",
			);
			name = "[CP] Check Pods Manifest.lock";
			outputPaths = (
				"$(DERIVED_FILE_DIR)/Pods-Greegodriverapp-checkManifestLockResult.txt",
			);
			runOnlyForDeploymentPostprocessing = 0;
			shellPath = /bin/sh;
			shellScript = "diff \"${PODS_PODFILE_DIR_PATH}/Podfile.lock\" \"${PODS_ROOT}/Manifest.lock\" > /dev/null\nif [ $? != 0 ] ; then\n    # print error to STDERR\n    echo \"error: The sandbox is not in sync with the Podfile.lock. Run 'pod install' or update your CocoaPods installation.\" >&2\n    exit 1\nfi\n# This output is used by Xcode 'outputs' to avoid re-running this script phase.\necho \"SUCCESS\" > \"${SCRIPT_OUTPUT_FILE_0}\"\n";
			showEnvVarsInLog = 0;
		};
		FACCD240E1A4E63AF220963E /* [CP] Embed Pods Frameworks */ = {
			isa = PBXShellScriptBuildPhase;
			buildActionMask = 2147483647;
			files = (
			);
			inputPaths = (
				"${SRCROOT}/Pods/Target Support Files/Pods-Greegodriverapp/Pods-Greegodriverapp-frameworks.sh",
				"${BUILT_PRODUCTS_DIR}/Alamofire/Alamofire.framework",
				"${BUILT_PRODUCTS_DIR}/CTCheckbox/CTCheckbox.framework",
				"${BUILT_PRODUCTS_DIR}/SVPinView/SVPinView.framework",
			);
			name = "[CP] Embed Pods Frameworks";
			outputPaths = (
				"${TARGET_BUILD_DIR}/${FRAMEWORKS_FOLDER_PATH}/Alamofire.framework",
				"${TARGET_BUILD_DIR}/${FRAMEWORKS_FOLDER_PATH}/CTCheckbox.framework",
				"${TARGET_BUILD_DIR}/${FRAMEWORKS_FOLDER_PATH}/SVPinView.framework",
			);
			runOnlyForDeploymentPostprocessing = 0;
			shellPath = /bin/sh;
			shellScript = "\"${SRCROOT}/Pods/Target Support Files/Pods-Greegodriverapp/Pods-Greegodriverapp-frameworks.sh\"\n";
			showEnvVarsInLog = 0;
		};
/* End PBXShellScriptBuildPhase section */

/* Begin PBXSourcesBuildPhase section */
		734F551420775E7B00512886 /* Sources */ = {
			isa = PBXSourcesBuildPhase;
			buildActionMask = 2147483647;
			files = (
				734F554A2077797600512886 /* Signup1ViewController.swift in Sources */,
				73952EF1207889E300C859B7 /* SignupNameVC.swift in Sources */,
				73586169207CE63100996DC8 /* customTextField.swift in Sources */,
				213FDD0E2087294000D3A676 /* Amountcell.swift in Sources */,
				7358616B207CEB1C00996DC8 /* OtpverificationViewController.swift in Sources */,
				736E6058207DF95C00EDC89B /* DriverprofileViewController.swift in Sources */,
				736E6051207DE70900EDC89B /* DriverpersonalinfoViewController.swift in Sources */,
				736E605C207E06BA00EDC89B /* DriverbankViewController.swift in Sources */,
				736E6056207DE86E00EDC89B /* DrivershippingaddViewController.swift in Sources */,
				2100F8FD2086092000CD7EFD /* DrivemapVC.swift in Sources */,
				213FDD09208728AA00D3A676 /* EarningVC.swift in Sources */,
				736E605E207E121A00EDC89B /* DrivertypeViewController.swift in Sources */,
				736E605A207DF9DE00EDC89B /* DriverdocumentViewController.swift in Sources */,
				213FDD10208763D600D3A676 /* ManageVC.swift in Sources */,
				734F551E20775E7B00512886 /* ViewController.swift in Sources */,
				730A8D84207F80B700152F84 /* WebServiceClass.swift in Sources */,
				736E6063207E169900EDC89B /* SWRevealViewController.m in Sources */,
				730A8D79207F20AC00152F84 /* HelpViewController.swift in Sources */,
				734F551C20775E7B00512886 /* AppDelegate.swift in Sources */,
				730A8D82207F80AC00152F84 /* Reachability.m in Sources */,
				736E6066207E1B7400EDC89B /* MenuViewController.swift in Sources */,
				730A8D7C207F2AA400152F84 /* SettingViewController.swift in Sources */,
				736E6053207DE81600EDC89B /* HADropDown.swift in Sources */,
				73CBA35F2080787F0010271A /* EmailViewController.swift in Sources */,
				730A8D7E207F3D9400152F84 /* EarningbalanceViewController.swift in Sources */,
				73CBA361208086B90010271A /* TermandconditionViewController.swift in Sources */,
				736E6064207E169900EDC89B /* sidemenuViewController.swift in Sources */,
				73586167207CE3FB00996DC8 /* MobilenumberViewController.swift in Sources */,
				736E604E207DD5CF00EDC89B /* PromocodeViewController.swift in Sources */,
			);
			runOnlyForDeploymentPostprocessing = 0;
		};
		734F552820775E7B00512886 /* Sources */ = {
			isa = PBXSourcesBuildPhase;
			buildActionMask = 2147483647;
			files = (
				734F553120775E7B00512886 /* GreegodriverappTests.swift in Sources */,
			);
			runOnlyForDeploymentPostprocessing = 0;
		};
		734F553320775E7C00512886 /* Sources */ = {
			isa = PBXSourcesBuildPhase;
			buildActionMask = 2147483647;
			files = (
				734F553C20775E7C00512886 /* GreegodriverappUITests.swift in Sources */,
			);
			runOnlyForDeploymentPostprocessing = 0;
		};
/* End PBXSourcesBuildPhase section */

/* Begin PBXTargetDependency section */
		734F552E20775E7B00512886 /* PBXTargetDependency */ = {
			isa = PBXTargetDependency;
			target = 734F551720775E7B00512886 /* Greegodriverapp */;
			targetProxy = 734F552D20775E7B00512886 /* PBXContainerItemProxy */;
		};
		734F553920775E7C00512886 /* PBXTargetDependency */ = {
			isa = PBXTargetDependency;
			target = 734F551720775E7B00512886 /* Greegodriverapp */;
			targetProxy = 734F553820775E7C00512886 /* PBXContainerItemProxy */;
		};
/* End PBXTargetDependency section */

/* Begin PBXVariantGroup section */
		734F551F20775E7B00512886 /* Main.storyboard */ = {
			isa = PBXVariantGroup;
			children = (
				734F552020775E7B00512886 /* Base */,
			);
			name = Main.storyboard;
			sourceTree = "<group>";
		};
		734F552420775E7B00512886 /* LaunchScreen.storyboard */ = {
			isa = PBXVariantGroup;
			children = (
				734F552520775E7B00512886 /* Base */,
			);
			name = LaunchScreen.storyboard;
			sourceTree = "<group>";
		};
/* End PBXVariantGroup section */

/* Begin XCBuildConfiguration section */
		734F553E20775E7C00512886 /* Debug */ = {
			isa = XCBuildConfiguration;
			buildSettings = {
				ALWAYS_SEARCH_USER_PATHS = NO;
				CLANG_ANALYZER_NONNULL = YES;
				CLANG_ANALYZER_NUMBER_OBJECT_CONVERSION = YES_AGGRESSIVE;
				CLANG_CXX_LANGUAGE_STANDARD = "gnu++14";
				CLANG_CXX_LIBRARY = "libc++";
				CLANG_ENABLE_MODULES = YES;
				CLANG_ENABLE_OBJC_ARC = YES;
				CLANG_WARN_BLOCK_CAPTURE_AUTORELEASING = YES;
				CLANG_WARN_BOOL_CONVERSION = YES;
				CLANG_WARN_COMMA = YES;
				CLANG_WARN_CONSTANT_CONVERSION = YES;
				CLANG_WARN_DIRECT_OBJC_ISA_USAGE = YES_ERROR;
				CLANG_WARN_DOCUMENTATION_COMMENTS = YES;
				CLANG_WARN_EMPTY_BODY = YES;
				CLANG_WARN_ENUM_CONVERSION = YES;
				CLANG_WARN_INFINITE_RECURSION = YES;
				CLANG_WARN_INT_CONVERSION = YES;
				CLANG_WARN_NON_LITERAL_NULL_CONVERSION = YES;
				CLANG_WARN_OBJC_LITERAL_CONVERSION = YES;
				CLANG_WARN_OBJC_ROOT_CLASS = YES_ERROR;
				CLANG_WARN_RANGE_LOOP_ANALYSIS = YES;
				CLANG_WARN_STRICT_PROTOTYPES = YES;
				CLANG_WARN_SUSPICIOUS_MOVE = YES;
				CLANG_WARN_UNGUARDED_AVAILABILITY = YES_AGGRESSIVE;
				CLANG_WARN_UNREACHABLE_CODE = YES;
				CLANG_WARN__DUPLICATE_METHOD_MATCH = YES;
				CODE_SIGN_IDENTITY = "iPhone Developer";
				COPY_PHASE_STRIP = NO;
				DEBUG_INFORMATION_FORMAT = dwarf;
				ENABLE_STRICT_OBJC_MSGSEND = YES;
				ENABLE_TESTABILITY = YES;
				GCC_C_LANGUAGE_STANDARD = gnu11;
				GCC_DYNAMIC_NO_PIC = NO;
				GCC_NO_COMMON_BLOCKS = YES;
				GCC_OPTIMIZATION_LEVEL = 0;
				GCC_PREPROCESSOR_DEFINITIONS = (
					"DEBUG=1",
					"$(inherited)",
				);
				GCC_WARN_64_TO_32_BIT_CONVERSION = YES;
				GCC_WARN_ABOUT_RETURN_TYPE = YES_ERROR;
				GCC_WARN_UNDECLARED_SELECTOR = YES;
				GCC_WARN_UNINITIALIZED_AUTOS = YES_AGGRESSIVE;
				GCC_WARN_UNUSED_FUNCTION = YES;
				GCC_WARN_UNUSED_VARIABLE = YES;
				IPHONEOS_DEPLOYMENT_TARGET = 11.2;
				MTL_ENABLE_DEBUG_INFO = YES;
				ONLY_ACTIVE_ARCH = YES;
				SDKROOT = iphoneos;
				SWIFT_ACTIVE_COMPILATION_CONDITIONS = DEBUG;
				SWIFT_OPTIMIZATION_LEVEL = "-Onone";
			};
			name = Debug;
		};
		734F553F20775E7C00512886 /* Release */ = {
			isa = XCBuildConfiguration;
			buildSettings = {
				ALWAYS_SEARCH_USER_PATHS = NO;
				CLANG_ANALYZER_NONNULL = YES;
				CLANG_ANALYZER_NUMBER_OBJECT_CONVERSION = YES_AGGRESSIVE;
				CLANG_CXX_LANGUAGE_STANDARD = "gnu++14";
				CLANG_CXX_LIBRARY = "libc++";
				CLANG_ENABLE_MODULES = YES;
				CLANG_ENABLE_OBJC_ARC = YES;
				CLANG_WARN_BLOCK_CAPTURE_AUTORELEASING = YES;
				CLANG_WARN_BOOL_CONVERSION = YES;
				CLANG_WARN_COMMA = YES;
				CLANG_WARN_CONSTANT_CONVERSION = YES;
				CLANG_WARN_DIRECT_OBJC_ISA_USAGE = YES_ERROR;
				CLANG_WARN_DOCUMENTATION_COMMENTS = YES;
				CLANG_WARN_EMPTY_BODY = YES;
				CLANG_WARN_ENUM_CONVERSION = YES;
				CLANG_WARN_INFINITE_RECURSION = YES;
				CLANG_WARN_INT_CONVERSION = YES;
				CLANG_WARN_NON_LITERAL_NULL_CONVERSION = YES;
				CLANG_WARN_OBJC_LITERAL_CONVERSION = YES;
				CLANG_WARN_OBJC_ROOT_CLASS = YES_ERROR;
				CLANG_WARN_RANGE_LOOP_ANALYSIS = YES;
				CLANG_WARN_STRICT_PROTOTYPES = YES;
				CLANG_WARN_SUSPICIOUS_MOVE = YES;
				CLANG_WARN_UNGUARDED_AVAILABILITY = YES_AGGRESSIVE;
				CLANG_WARN_UNREACHABLE_CODE = YES;
				CLANG_WARN__DUPLICATE_METHOD_MATCH = YES;
				CODE_SIGN_IDENTITY = "iPhone Developer";
				COPY_PHASE_STRIP = NO;
				DEBUG_INFORMATION_FORMAT = "dwarf-with-dsym";
				ENABLE_NS_ASSERTIONS = NO;
				ENABLE_STRICT_OBJC_MSGSEND = YES;
				GCC_C_LANGUAGE_STANDARD = gnu11;
				GCC_NO_COMMON_BLOCKS = YES;
				GCC_WARN_64_TO_32_BIT_CONVERSION = YES;
				GCC_WARN_ABOUT_RETURN_TYPE = YES_ERROR;
				GCC_WARN_UNDECLARED_SELECTOR = YES;
				GCC_WARN_UNINITIALIZED_AUTOS = YES_AGGRESSIVE;
				GCC_WARN_UNUSED_FUNCTION = YES;
				GCC_WARN_UNUSED_VARIABLE = YES;
				IPHONEOS_DEPLOYMENT_TARGET = 11.2;
				MTL_ENABLE_DEBUG_INFO = NO;
				SDKROOT = iphoneos;
				SWIFT_OPTIMIZATION_LEVEL = "-Owholemodule";
				VALIDATE_PRODUCT = YES;
			};
			name = Release;
		};
		734F554120775E7C00512886 /* Debug */ = {
			isa = XCBuildConfiguration;
			baseConfigurationReference = 35723F21BCF507A0EBF483BE /* Pods-Greegodriverapp.debug.xcconfig */;
			buildSettings = {
				ASSETCATALOG_COMPILER_APPICON_NAME = AppIcon;
				CLANG_ENABLE_MODULES = YES;
				CODE_SIGN_STYLE = Automatic;
				DEVELOPMENT_TEAM = 5W64V38EUB;
				INFOPLIST_FILE = Greegodriverapp/Info.plist;
				LD_RUNPATH_SEARCH_PATHS = "$(inherited) @executable_path/Frameworks";
				PRODUCT_BUNDLE_IDENTIFIER = innoviussoftware.Greegodriverapp;
				PRODUCT_NAME = "$(TARGET_NAME)";
				SWIFT_OBJC_BRIDGING_HEADER = "$(PROJECT_DIR)/$(PROJECT_NAME)-Bridging-Header.h";
				SWIFT_OPTIMIZATION_LEVEL = "-Onone";
				SWIFT_VERSION = 4.0;
				TARGETED_DEVICE_FAMILY = "1,2";
			};
			name = Debug;
		};
		734F554220775E7C00512886 /* Release */ = {
			isa = XCBuildConfiguration;
			baseConfigurationReference = B9F54B0CCDDB4B24FD5DD0F9 /* Pods-Greegodriverapp.release.xcconfig */;
			buildSettings = {
				ASSETCATALOG_COMPILER_APPICON_NAME = AppIcon;
				CLANG_ENABLE_MODULES = YES;
				CODE_SIGN_STYLE = Automatic;
				DEVELOPMENT_TEAM = 5W64V38EUB;
				INFOPLIST_FILE = Greegodriverapp/Info.plist;
				LD_RUNPATH_SEARCH_PATHS = "$(inherited) @executable_path/Frameworks";
				PRODUCT_BUNDLE_IDENTIFIER = innoviussoftware.Greegodriverapp;
				PRODUCT_NAME = "$(TARGET_NAME)";
				SWIFT_OBJC_BRIDGING_HEADER = "$(PROJECT_DIR)/$(PROJECT_NAME)-Bridging-Header.h";
				SWIFT_VERSION = 4.0;
				TARGETED_DEVICE_FAMILY = "1,2";
			};
			name = Release;
		};
		734F554420775E7C00512886 /* Debug */ = {
			isa = XCBuildConfiguration;
			baseConfigurationReference = 58CE5B777491165BA0C50600 /* Pods-GreegodriverappTests.debug.xcconfig */;
			buildSettings = {
				ALWAYS_EMBED_SWIFT_STANDARD_LIBRARIES = YES;
				BUNDLE_LOADER = "$(TEST_HOST)";
				CODE_SIGN_STYLE = Automatic;
				INFOPLIST_FILE = GreegodriverappTests/Info.plist;
				LD_RUNPATH_SEARCH_PATHS = "$(inherited) @executable_path/Frameworks @loader_path/Frameworks";
				PRODUCT_BUNDLE_IDENTIFIER = innoviussoftware.GreegodriverappTests;
				PRODUCT_NAME = "$(TARGET_NAME)";
				SWIFT_VERSION = 4.0;
				TARGETED_DEVICE_FAMILY = "1,2";
				TEST_HOST = "$(BUILT_PRODUCTS_DIR)/Greegodriverapp.app/Greegodriverapp";
			};
			name = Debug;
		};
		734F554520775E7C00512886 /* Release */ = {
			isa = XCBuildConfiguration;
			baseConfigurationReference = 1E2E5C316AB7804DEE9CB51D /* Pods-GreegodriverappTests.release.xcconfig */;
			buildSettings = {
				ALWAYS_EMBED_SWIFT_STANDARD_LIBRARIES = YES;
				BUNDLE_LOADER = "$(TEST_HOST)";
				CODE_SIGN_STYLE = Automatic;
				INFOPLIST_FILE = GreegodriverappTests/Info.plist;
				LD_RUNPATH_SEARCH_PATHS = "$(inherited) @executable_path/Frameworks @loader_path/Frameworks";
				PRODUCT_BUNDLE_IDENTIFIER = innoviussoftware.GreegodriverappTests;
				PRODUCT_NAME = "$(TARGET_NAME)";
				SWIFT_VERSION = 4.0;
				TARGETED_DEVICE_FAMILY = "1,2";
				TEST_HOST = "$(BUILT_PRODUCTS_DIR)/Greegodriverapp.app/Greegodriverapp";
			};
			name = Release;
		};
		734F554720775E7C00512886 /* Debug */ = {
			isa = XCBuildConfiguration;
			baseConfigurationReference = 6C8E298B48A9EC3F34E8DF21 /* Pods-GreegodriverappUITests.debug.xcconfig */;
			buildSettings = {
				ALWAYS_EMBED_SWIFT_STANDARD_LIBRARIES = YES;
				CODE_SIGN_STYLE = Automatic;
				INFOPLIST_FILE = GreegodriverappUITests/Info.plist;
				LD_RUNPATH_SEARCH_PATHS = "$(inherited) @executable_path/Frameworks @loader_path/Frameworks";
				PRODUCT_BUNDLE_IDENTIFIER = innoviussoftware.GreegodriverappUITests;
				PRODUCT_NAME = "$(TARGET_NAME)";
				SWIFT_VERSION = 4.0;
				TARGETED_DEVICE_FAMILY = "1,2";
				TEST_TARGET_NAME = Greegodriverapp;
			};
			name = Debug;
		};
		734F554820775E7C00512886 /* Release */ = {
			isa = XCBuildConfiguration;
			baseConfigurationReference = 2058716E25E01CC9478016A5 /* Pods-GreegodriverappUITests.release.xcconfig */;
			buildSettings = {
				ALWAYS_EMBED_SWIFT_STANDARD_LIBRARIES = YES;
				CODE_SIGN_STYLE = Automatic;
				INFOPLIST_FILE = GreegodriverappUITests/Info.plist;
				LD_RUNPATH_SEARCH_PATHS = "$(inherited) @executable_path/Frameworks @loader_path/Frameworks";
				PRODUCT_BUNDLE_IDENTIFIER = innoviussoftware.GreegodriverappUITests;
				PRODUCT_NAME = "$(TARGET_NAME)";
				SWIFT_VERSION = 4.0;
				TARGETED_DEVICE_FAMILY = "1,2";
				TEST_TARGET_NAME = Greegodriverapp;
			};
			name = Release;
		};
/* End XCBuildConfiguration section */

/* Begin XCConfigurationList section */
		734F551320775E7B00512886 /* Build configuration list for PBXProject "Greegodriverapp" */ = {
			isa = XCConfigurationList;
			buildConfigurations = (
				734F553E20775E7C00512886 /* Debug */,
				734F553F20775E7C00512886 /* Release */,
			);
			defaultConfigurationIsVisible = 0;
			defaultConfigurationName = Release;
		};
		734F554020775E7C00512886 /* Build configuration list for PBXNativeTarget "Greegodriverapp" */ = {
			isa = XCConfigurationList;
			buildConfigurations = (
				734F554120775E7C00512886 /* Debug */,
				734F554220775E7C00512886 /* Release */,
			);
			defaultConfigurationIsVisible = 0;
			defaultConfigurationName = Release;
		};
		734F554320775E7C00512886 /* Build configuration list for PBXNativeTarget "GreegodriverappTests" */ = {
			isa = XCConfigurationList;
			buildConfigurations = (
				734F554420775E7C00512886 /* Debug */,
				734F554520775E7C00512886 /* Release */,
			);
			defaultConfigurationIsVisible = 0;
			defaultConfigurationName = Release;
		};
		734F554620775E7C00512886 /* Build configuration list for PBXNativeTarget "GreegodriverappUITests" */ = {
			isa = XCConfigurationList;
			buildConfigurations = (
				734F554720775E7C00512886 /* Debug */,
				734F554820775E7C00512886 /* Release */,
			);
			defaultConfigurationIsVisible = 0;
			defaultConfigurationName = Release;
		};
/* End XCConfigurationList section */
	};
	rootObject = 734F551020775E7B00512886 /* Project object */;
}
